
Microsoft Visual Studio Solution File, Format Version 12.00
# Visual Studio Version 17
VisualStudioVersion = 17.9.34902.65
MinimumVisualStudioVersion = 10.0.40219.1
Project("{FAE04EC0-301F-11D3-BF4B-00C04F79EFBC}") = "Grade_Calculator", "Grade_Calculator\Grade_Calculator.csproj", "{6688A417-4F53-4C7D-9F52-FCAC0D38B4EE}"
EndProject
Project("{FAE04EC0-301F-11D3-BF4B-00C04F79EFBC}") = "Triangle_Type_Identifier", "Triangle_Type_Identifier\Triangle_Type_Identifier.csproj", "{990391A2-4026-47CB-BD3C-808562DC1825}"
EndProject
Project("{FAE04EC0-301F-11D3-BF4B-00C04F79EFBC}") = "Ticket_Price_Calculator", "Ticket_Price_Calculator\Ticket_Price_Calculator.csproj", "{D990B538-0434-4396-8505-72C1E45D9D5D}"
EndProject
Global
	GlobalSection(SolutionConfigurationPlatforms) = preSolution
		Debug|Any CPU = Debug|Any CPU
		Release|Any CPU = Release|Any CPU
	EndGlobalSection
	GlobalSection(ProjectConfigurationPlatforms) = postSolution
		{6688A417-4F53-4C7D-9F52-FCAC0D38B4EE}.Debug|Any CPU.ActiveCfg = Debug|Any CPU
		{6688A417-4F53-4C7D-9F52-FCAC0D38B4EE}.Debug|Any CPU.Build.0 = Debug|Any CPU
		{6688A417-4F53-4C7D-9F52-FCAC0D38B4EE}.Release|Any CPU.ActiveCfg = Release|Any CPU
		{6688A417-4F53-4C7D-9F52-FCAC0D38B4EE}.Release|Any CPU.Build.0 = Release|Any CPU
		{990391A2-4026-47CB-BD3C-808562DC1825}.Debug|Any CPU.ActiveCfg = Debug|Any CPU
		{990391A2-4026-47CB-BD3C-808562DC1825}.Debug|Any CPU.Build.0 = Debug|Any CPU
		{990391A2-4026-47CB-BD3C-808562DC1825}.Release|Any CPU.ActiveCfg = Release|Any CPU
		{990391A2-4026-47CB-BD3C-808562DC1825}.Release|Any CPU.Build.0 = Release|Any CPU
		{D990B538-0434-4396-8505-72C1E45D9D5D}.Debug|Any CPU.ActiveCfg = Debug|Any CPU
		{D990B538-0434-4396-8505-72C1E45D9D5D}.Debug|Any CPU.Build.0 = Debug|Any CPU
		{D990B538-0434-4396-8505-72C1E45D9D5D}.Release|Any CPU.ActiveCfg = Release|Any CPU
		{D990B538-0434-4396-8505-72C1E45D9D5D}.Release|Any CPU.Build.0 = Release|Any CPU
	EndGlobalSection
	GlobalSection(SolutionProperties) = preSolution
		HideSolutionNode = FALSE
	EndGlobalSection
	GlobalSection(ExtensibilityGlobals) = postSolution
		SolutionGuid = {74DD2D2A-BFF5-4047-B9E1-691E06CDD1F7}
	EndGlobalSection
EndGlobal
